
Microsoft Visual Studio Solution File, Format Version 9.00
# Visual Studio 2005
Project("{8BC9CEB8-8B4A-11D0-8D11-00A0C91BC942}") = "ezterrainapp", "ezterrainapp\ezterrainapp.vcproj", "{E9384AF5-16FF-4485-A6C2-7B1C681A2EDF}"
EndProject
Global
	GlobalSection(SolutionConfigurationPlatforms) = preSolution
		Debug|Win32 = Debug|Win32
		Release|Win32 = Release|Win32
	EndGlobalSection
	GlobalSection(ProjectConfigurationPlatforms) = postSolution
		{E9384AF5-16FF-4485-A6C2-7B1C681A2EDF}.Debug|Win32.ActiveCfg = Debug|Win32
		{E9384AF5-16FF-4485-A6C2-7B1C681A2EDF}.Debug|Win32.Build.0 = Debug|Win32
		{E9384AF5-16FF-4485-A6C2-7B1C681A2EDF}.Release|Win32.ActiveCfg = Release|Win32
		{E9384AF5-16FF-4485-A6C2-7B1C681A2EDF}.Release|Win32.Build.0 = Release|Win32
	EndGlobalSection
	GlobalSection(SolutionProperties) = preSolution
		HideSolutionNode = FALSE
	EndGlobalSection
EndGlobal
