
Microsoft Visual Studio Solution File, Format Version 10.00
# Visual Studio 2008
Project("{FAE04EC0-301F-11D3-BF4B-00C04F79EFBC}") = "Ez.Application", "Ez.Application\Ez.Application.csproj", "{81549EDA-69A4-4A98-8C2E-E0368317D4AD}"
EndProject
Project("{2150E333-8FDC-42A3-9474-1A3956D46DE8}") = "OpenTK", "OpenTK", "{83787E57-3DBE-4B06-A1A8-73A34BA93A15}"
EndProject
Project("{2150E333-8FDC-42A3-9474-1A3956D46DE8}") = "0.9.7", "0.9.7", "{925FE421-1D6B-49A0-8756-0378EA331AE7}"
	ProjectSection(SolutionItems) = preProject
		OpenTK\0.9.7\OpenTK.dll = OpenTK\0.9.7\OpenTK.dll
		OpenTK\0.9.7\OpenTK.dll.config = OpenTK\0.9.7\OpenTK.dll.config
		OpenTK\0.9.7\OpenTK.Utilities.dll = OpenTK\0.9.7\OpenTK.Utilities.dll
		OpenTK\0.9.7\OpenTK.Utilities.dll.config = OpenTK\0.9.7\OpenTK.Utilities.dll.config
		OpenTK\0.9.7\OpenTK.Utilities.xml = OpenTK\0.9.7\OpenTK.Utilities.xml
		OpenTK\0.9.7\OpenTK.xml = OpenTK\0.9.7\OpenTK.xml
	EndProjectSection
EndProject
Project("{2150E333-8FDC-42A3-9474-1A3956D46DE8}") = "0.9.8", "0.9.8", "{F696469C-F30E-45EE-8BAC-171645698235}"
	ProjectSection(SolutionItems) = preProject
		OpenTK\0.9.8\OpenTK.dll = OpenTK\0.9.8\OpenTK.dll
		OpenTK\0.9.8\OpenTK.dll.config = OpenTK\0.9.8\OpenTK.dll.config
		OpenTK\0.9.8\OpenTK.Utilities.dll = OpenTK\0.9.8\OpenTK.Utilities.dll
		OpenTK\0.9.8\OpenTK.Utilities.dll.config = OpenTK\0.9.8\OpenTK.Utilities.dll.config
		OpenTK\0.9.8\OpenTK.Utilities.xml = OpenTK\0.9.8\OpenTK.Utilities.xml
		OpenTK\0.9.8\OpenTK.xml = OpenTK\0.9.8\OpenTK.xml
	EndProjectSection
EndProject
Project("{FAE04EC0-301F-11D3-BF4B-00C04F79EFBC}") = "EZ.Renderer", "EZ.Renderer\EZ.Renderer.csproj", "{8C67DC3A-EEC2-479F-97FC-DE43D5815DE6}"
EndProject
Project("{FAE04EC0-301F-11D3-BF4B-00C04F79EFBC}") = "EZ.Core", "EZ.Core\EZ.Core.csproj", "{D7FAB394-FFF4-46E7-B947-C8703BCE5163}"
EndProject
Project("{FAE04EC0-301F-11D3-BF4B-00C04F79EFBC}") = "EZ.Objects", "EZ.Objects\EZ.Objects.csproj", "{4FD0151A-530F-4854-9462-2A78C2108157}"
EndProject
Project("{FAE04EC0-301F-11D3-BF4B-00C04F79EFBC}") = "Ez.Clipmaps", "EZ.Clipmaps\Ez.Clipmaps.csproj", "{69A87966-16BB-4C3F-99CE-5F42006CB55D}"
EndProject
Project("{2150E333-8FDC-42A3-9474-1A3956D46DE8}") = "Resources", "Resources", "{4F017636-2B2B-41D1-9F4A-2E60B62047CF}"
EndProject
Project("{2150E333-8FDC-42A3-9474-1A3956D46DE8}") = "Images", "Images", "{12068613-2EB7-46F1-833E-2888AEA76A92}"
	ProjectSection(SolutionItems) = preProject
		Resources\Images\gradient.bmp = Resources\Images\gradient.bmp
		Resources\Images\noise.bmp = Resources\Images\noise.bmp
	EndProjectSection
EndProject
Project("{2150E333-8FDC-42A3-9474-1A3956D46DE8}") = "Programs", "Programs", "{5524A1AF-0CF7-40D0-874D-50EA01896744}"
	ProjectSection(SolutionItems) = preProject
		Resources\Programs\clipmap.frag = Resources\Programs\clipmap.frag
		Resources\Programs\clipmap.vert = Resources\Programs\clipmap.vert
		Resources\Programs\terrain.frag = Resources\Programs\terrain.frag
		Resources\Programs\terrain.vert = Resources\Programs\terrain.vert
	EndProjectSection
EndProject
Project("{2150E333-8FDC-42A3-9474-1A3956D46DE8}") = "libnoise", "libnoise", "{0B725295-00A7-4ABB-881E-94F0237E3518}"
	ProjectSection(SolutionItems) = preProject
		libnoise\COPYING.txt = libnoise\COPYING.txt
		libnoise\noiseutils.cpp = libnoise\noiseutils.cpp
		libnoise\noiseutils.h = libnoise\noiseutils.h
	EndProjectSection
EndProject
Project("{2150E333-8FDC-42A3-9474-1A3956D46DE8}") = "bin", "bin", "{35BD321C-E3FE-4011-BF12-590672975EF8}"
	ProjectSection(SolutionItems) = preProject
		libnoise\bin\libnoise.dll = libnoise\bin\libnoise.dll
	EndProjectSection
EndProject
Project("{2150E333-8FDC-42A3-9474-1A3956D46DE8}") = "lib", "lib", "{0E660150-5F03-4A87-B95B-89AA4DD72FDA}"
	ProjectSection(SolutionItems) = preProject
		libnoise\lib\libnoise.lib = libnoise\lib\libnoise.lib
	EndProjectSection
EndProject
Project("{2150E333-8FDC-42A3-9474-1A3956D46DE8}") = "include", "include", "{2B9722F2-3971-4E0F-BA32-53213C8CF293}"
EndProject
Project("{2150E333-8FDC-42A3-9474-1A3956D46DE8}") = "noise", "noise", "{E8DE86F6-AD12-4CF6-AB1E-E76BB584CD69}"
	ProjectSection(SolutionItems) = preProject
		libnoise\include\noise\basictypes.h = libnoise\include\noise\basictypes.h
		libnoise\include\noise\exception.h = libnoise\include\noise\exception.h
		libnoise\include\noise\interp.h = libnoise\include\noise\interp.h
		libnoise\include\noise\latlon.h = libnoise\include\noise\latlon.h
		libnoise\include\noise\mathconsts.h = libnoise\include\noise\mathconsts.h
		libnoise\include\noise\misc.h = libnoise\include\noise\misc.h
		libnoise\include\noise\noise.h = libnoise\include\noise\noise.h
		libnoise\include\noise\noisegen.h = libnoise\include\noise\noisegen.h
		libnoise\include\noise\vectortable.h = libnoise\include\noise\vectortable.h
	EndProjectSection
EndProject
Project("{2150E333-8FDC-42A3-9474-1A3956D46DE8}") = "model", "model", "{4DEDCA62-7B96-44F7-A3F4-95473EDCDEBF}"
	ProjectSection(SolutionItems) = preProject
		libnoise\include\noise\model\cylinder.h = libnoise\include\noise\model\cylinder.h
		libnoise\include\noise\model\line.h = libnoise\include\noise\model\line.h
		libnoise\include\noise\model\model.h = libnoise\include\noise\model\model.h
		libnoise\include\noise\model\plane.h = libnoise\include\noise\model\plane.h
		libnoise\include\noise\model\sphere.h = libnoise\include\noise\model\sphere.h
	EndProjectSection
EndProject
Project("{2150E333-8FDC-42A3-9474-1A3956D46DE8}") = "module", "module", "{E49096FC-1002-4324-9F9E-14404AA8811F}"
	ProjectSection(SolutionItems) = preProject
		libnoise\include\noise\module\abs.h = libnoise\include\noise\module\abs.h
		libnoise\include\noise\module\add.h = libnoise\include\noise\module\add.h
		libnoise\include\noise\module\billow.h = libnoise\include\noise\module\billow.h
		libnoise\include\noise\module\blend.h = libnoise\include\noise\module\blend.h
		libnoise\include\noise\module\cache.h = libnoise\include\noise\module\cache.h
		libnoise\include\noise\module\checkerboard.h = libnoise\include\noise\module\checkerboard.h
		libnoise\include\noise\module\clamp.h = libnoise\include\noise\module\clamp.h
		libnoise\include\noise\module\const.h = libnoise\include\noise\module\const.h
		libnoise\include\noise\module\curve.h = libnoise\include\noise\module\curve.h
		libnoise\include\noise\module\cylinders.h = libnoise\include\noise\module\cylinders.h
		libnoise\include\noise\module\displace.h = libnoise\include\noise\module\displace.h
		libnoise\include\noise\module\exponent.h = libnoise\include\noise\module\exponent.h
		libnoise\include\noise\module\invert.h = libnoise\include\noise\module\invert.h
		libnoise\include\noise\module\max.h = libnoise\include\noise\module\max.h
		libnoise\include\noise\module\min.h = libnoise\include\noise\module\min.h
		libnoise\include\noise\module\module.h = libnoise\include\noise\module\module.h
		libnoise\include\noise\module\modulebase.h = libnoise\include\noise\module\modulebase.h
		libnoise\include\noise\module\multiply.h = libnoise\include\noise\module\multiply.h
		libnoise\include\noise\module\perlin.h = libnoise\include\noise\module\perlin.h
		libnoise\include\noise\module\power.h = libnoise\include\noise\module\power.h
		libnoise\include\noise\module\ridgedmulti.h = libnoise\include\noise\module\ridgedmulti.h
		libnoise\include\noise\module\rotatepoint.h = libnoise\include\noise\module\rotatepoint.h
		libnoise\include\noise\module\scalebias.h = libnoise\include\noise\module\scalebias.h
		libnoise\include\noise\module\scalepoint.h = libnoise\include\noise\module\scalepoint.h
		libnoise\include\noise\module\select.h = libnoise\include\noise\module\select.h
		libnoise\include\noise\module\spheres.h = libnoise\include\noise\module\spheres.h
		libnoise\include\noise\module\terrace.h = libnoise\include\noise\module\terrace.h
		libnoise\include\noise\module\translatepoint.h = libnoise\include\noise\module\translatepoint.h
		libnoise\include\noise\module\turbulence.h = libnoise\include\noise\module\turbulence.h
		libnoise\include\noise\module\voronoi.h = libnoise\include\noise\module\voronoi.h
	EndProjectSection
EndProject
Project("{FAE04EC0-301F-11D3-BF4B-00C04F79EFBC}") = "EZ.Imaging", "EZ.Imaging\EZ.Imaging.csproj", "{D8DB7AB7-D288-4062-813E-E857064CC4DE}"
EndProject
Project("{FAE04EC0-301F-11D3-BF4B-00C04F79EFBC}") = "EZ.Texturing", "EZ.Texturing\EZ.Texturing.csproj", "{40C2A3D1-4268-44C9-9D09-3EA8734E5C4A}"
EndProject
Project("{FAE04EC0-301F-11D3-BF4B-00C04F79EFBC}") = "Ez.Readers", "Ez.Readers\Ez.Readers.csproj", "{1D8996D8-5E1D-401A-A325-86284A57F268}"
EndProject
Global
	GlobalSection(SolutionConfigurationPlatforms) = preSolution
		Debug|Any CPU = Debug|Any CPU
		Debug|Mixed Platforms = Debug|Mixed Platforms
		Debug|Win32 = Debug|Win32
		Release|Any CPU = Release|Any CPU
		Release|Mixed Platforms = Release|Mixed Platforms
		Release|Win32 = Release|Win32
	EndGlobalSection
	GlobalSection(ProjectConfigurationPlatforms) = postSolution
		{1D8996D8-5E1D-401A-A325-86284A57F268}.Debug|Any CPU.ActiveCfg = Debug|Any CPU
		{1D8996D8-5E1D-401A-A325-86284A57F268}.Debug|Any CPU.Build.0 = Debug|Any CPU
		{1D8996D8-5E1D-401A-A325-86284A57F268}.Debug|Mixed Platforms.ActiveCfg = Debug|Any CPU
		{1D8996D8-5E1D-401A-A325-86284A57F268}.Debug|Mixed Platforms.Build.0 = Debug|Any CPU
		{1D8996D8-5E1D-401A-A325-86284A57F268}.Debug|Win32.ActiveCfg = Debug|Any CPU
		{1D8996D8-5E1D-401A-A325-86284A57F268}.Debug|Win32.Build.0 = Debug|Any CPU
		{1D8996D8-5E1D-401A-A325-86284A57F268}.Release|Any CPU.ActiveCfg = Release|Any CPU
		{1D8996D8-5E1D-401A-A325-86284A57F268}.Release|Any CPU.Build.0 = Release|Any CPU
		{1D8996D8-5E1D-401A-A325-86284A57F268}.Release|Mixed Platforms.ActiveCfg = Release|Any CPU
		{1D8996D8-5E1D-401A-A325-86284A57F268}.Release|Mixed Platforms.Build.0 = Release|Any CPU
		{1D8996D8-5E1D-401A-A325-86284A57F268}.Release|Win32.ActiveCfg = Release|Any CPU
		{1D8996D8-5E1D-401A-A325-86284A57F268}.Release|Win32.Build.0 = Release|Any CPU
		{40C2A3D1-4268-44C9-9D09-3EA8734E5C4A}.Debug|Any CPU.ActiveCfg = Debug|Any CPU
		{40C2A3D1-4268-44C9-9D09-3EA8734E5C4A}.Debug|Any CPU.Build.0 = Debug|Any CPU
		{40C2A3D1-4268-44C9-9D09-3EA8734E5C4A}.Debug|Mixed Platforms.ActiveCfg = Debug|Any CPU
		{40C2A3D1-4268-44C9-9D09-3EA8734E5C4A}.Debug|Mixed Platforms.Build.0 = Debug|Any CPU
		{40C2A3D1-4268-44C9-9D09-3EA8734E5C4A}.Debug|Win32.ActiveCfg = Debug|Any CPU
		{40C2A3D1-4268-44C9-9D09-3EA8734E5C4A}.Release|Any CPU.ActiveCfg = Release|Any CPU
		{40C2A3D1-4268-44C9-9D09-3EA8734E5C4A}.Release|Any CPU.Build.0 = Release|Any CPU
		{40C2A3D1-4268-44C9-9D09-3EA8734E5C4A}.Release|Mixed Platforms.ActiveCfg = Release|Any CPU
		{40C2A3D1-4268-44C9-9D09-3EA8734E5C4A}.Release|Mixed Platforms.Build.0 = Release|Any CPU
		{40C2A3D1-4268-44C9-9D09-3EA8734E5C4A}.Release|Win32.ActiveCfg = Release|Any CPU
		{4FD0151A-530F-4854-9462-2A78C2108157}.Debug|Any CPU.ActiveCfg = Debug|Any CPU
		{4FD0151A-530F-4854-9462-2A78C2108157}.Debug|Any CPU.Build.0 = Debug|Any CPU
		{4FD0151A-530F-4854-9462-2A78C2108157}.Debug|Mixed Platforms.ActiveCfg = Debug|Any CPU
		{4FD0151A-530F-4854-9462-2A78C2108157}.Debug|Mixed Platforms.Build.0 = Debug|Any CPU
		{4FD0151A-530F-4854-9462-2A78C2108157}.Debug|Win32.ActiveCfg = Debug|Any CPU
		{4FD0151A-530F-4854-9462-2A78C2108157}.Release|Any CPU.ActiveCfg = Release|Any CPU
		{4FD0151A-530F-4854-9462-2A78C2108157}.Release|Any CPU.Build.0 = Release|Any CPU
		{4FD0151A-530F-4854-9462-2A78C2108157}.Release|Mixed Platforms.ActiveCfg = Release|Any CPU
		{4FD0151A-530F-4854-9462-2A78C2108157}.Release|Mixed Platforms.Build.0 = Release|Any CPU
		{4FD0151A-530F-4854-9462-2A78C2108157}.Release|Win32.ActiveCfg = Release|Any CPU
		{69A87966-16BB-4C3F-99CE-5F42006CB55D}.Debug|Any CPU.ActiveCfg = Debug|Any CPU
		{69A87966-16BB-4C3F-99CE-5F42006CB55D}.Debug|Any CPU.Build.0 = Debug|Any CPU
		{69A87966-16BB-4C3F-99CE-5F42006CB55D}.Debug|Mixed Platforms.ActiveCfg = Debug|Any CPU
		{69A87966-16BB-4C3F-99CE-5F42006CB55D}.Debug|Mixed Platforms.Build.0 = Debug|Any CPU
		{69A87966-16BB-4C3F-99CE-5F42006CB55D}.Debug|Win32.ActiveCfg = Debug|Any CPU
		{69A87966-16BB-4C3F-99CE-5F42006CB55D}.Release|Any CPU.ActiveCfg = Release|Any CPU
		{69A87966-16BB-4C3F-99CE-5F42006CB55D}.Release|Any CPU.Build.0 = Release|Any CPU
		{69A87966-16BB-4C3F-99CE-5F42006CB55D}.Release|Mixed Platforms.ActiveCfg = Release|Any CPU
		{69A87966-16BB-4C3F-99CE-5F42006CB55D}.Release|Mixed Platforms.Build.0 = Release|Any CPU
		{69A87966-16BB-4C3F-99CE-5F42006CB55D}.Release|Win32.ActiveCfg = Release|Any CPU
		{81549EDA-69A4-4A98-8C2E-E0368317D4AD}.Debug|Any CPU.ActiveCfg = Debug|Any CPU
		{81549EDA-69A4-4A98-8C2E-E0368317D4AD}.Debug|Any CPU.Build.0 = Debug|Any CPU
		{81549EDA-69A4-4A98-8C2E-E0368317D4AD}.Debug|Mixed Platforms.ActiveCfg = Debug|Any CPU
		{81549EDA-69A4-4A98-8C2E-E0368317D4AD}.Debug|Mixed Platforms.Build.0 = Debug|Any CPU
		{81549EDA-69A4-4A98-8C2E-E0368317D4AD}.Debug|Win32.ActiveCfg = Debug|Any CPU
		{81549EDA-69A4-4A98-8C2E-E0368317D4AD}.Release|Any CPU.ActiveCfg = Release|Any CPU
		{81549EDA-69A4-4A98-8C2E-E0368317D4AD}.Release|Any CPU.Build.0 = Release|Any CPU
		{81549EDA-69A4-4A98-8C2E-E0368317D4AD}.Release|Mixed Platforms.ActiveCfg = Release|Any CPU
		{81549EDA-69A4-4A98-8C2E-E0368317D4AD}.Release|Mixed Platforms.Build.0 = Release|Any CPU
		{81549EDA-69A4-4A98-8C2E-E0368317D4AD}.Release|Win32.ActiveCfg = Release|Any CPU
		{8C67DC3A-EEC2-479F-97FC-DE43D5815DE6}.Debug|Any CPU.ActiveCfg = Debug|Any CPU
		{8C67DC3A-EEC2-479F-97FC-DE43D5815DE6}.Debug|Any CPU.Build.0 = Debug|Any CPU
		{8C67DC3A-EEC2-479F-97FC-DE43D5815DE6}.Debug|Mixed Platforms.ActiveCfg = Debug|Any CPU
		{8C67DC3A-EEC2-479F-97FC-DE43D5815DE6}.Debug|Mixed Platforms.Build.0 = Debug|Any CPU
		{8C67DC3A-EEC2-479F-97FC-DE43D5815DE6}.Debug|Win32.ActiveCfg = Debug|Any CPU
		{8C67DC3A-EEC2-479F-97FC-DE43D5815DE6}.Release|Any CPU.ActiveCfg = Release|Any CPU
		{8C67DC3A-EEC2-479F-97FC-DE43D5815DE6}.Release|Any CPU.Build.0 = Release|Any CPU
		{8C67DC3A-EEC2-479F-97FC-DE43D5815DE6}.Release|Mixed Platforms.ActiveCfg = Release|Any CPU
		{8C67DC3A-EEC2-479F-97FC-DE43D5815DE6}.Release|Mixed Platforms.Build.0 = Release|Any CPU
		{8C67DC3A-EEC2-479F-97FC-DE43D5815DE6}.Release|Win32.ActiveCfg = Release|Any CPU
		{D7FAB394-FFF4-46E7-B947-C8703BCE5163}.Debug|Any CPU.ActiveCfg = Debug|Any CPU
		{D7FAB394-FFF4-46E7-B947-C8703BCE5163}.Debug|Any CPU.Build.0 = Debug|Any CPU
		{D7FAB394-FFF4-46E7-B947-C8703BCE5163}.Debug|Mixed Platforms.ActiveCfg = Debug|Any CPU
		{D7FAB394-FFF4-46E7-B947-C8703BCE5163}.Debug|Mixed Platforms.Build.0 = Debug|Any CPU
		{D7FAB394-FFF4-46E7-B947-C8703BCE5163}.Debug|Win32.ActiveCfg = Debug|Any CPU
		{D7FAB394-FFF4-46E7-B947-C8703BCE5163}.Release|Any CPU.ActiveCfg = Release|Any CPU
		{D7FAB394-FFF4-46E7-B947-C8703BCE5163}.Release|Any CPU.Build.0 = Release|Any CPU
		{D7FAB394-FFF4-46E7-B947-C8703BCE5163}.Release|Mixed Platforms.ActiveCfg = Release|Any CPU
		{D7FAB394-FFF4-46E7-B947-C8703BCE5163}.Release|Mixed Platforms.Build.0 = Release|Any CPU
		{D7FAB394-FFF4-46E7-B947-C8703BCE5163}.Release|Win32.ActiveCfg = Release|Any CPU
		{D8DB7AB7-D288-4062-813E-E857064CC4DE}.Debug|Any CPU.ActiveCfg = Debug|Any CPU
		{D8DB7AB7-D288-4062-813E-E857064CC4DE}.Debug|Any CPU.Build.0 = Debug|Any CPU
		{D8DB7AB7-D288-4062-813E-E857064CC4DE}.Debug|Mixed Platforms.ActiveCfg = Debug|Mixed Platforms
		{D8DB7AB7-D288-4062-813E-E857064CC4DE}.Debug|Mixed Platforms.Build.0 = Debug|Mixed Platforms
		{D8DB7AB7-D288-4062-813E-E857064CC4DE}.Debug|Win32.ActiveCfg = Debug|Win32
		{D8DB7AB7-D288-4062-813E-E857064CC4DE}.Debug|Win32.Build.0 = Debug|Win32
		{D8DB7AB7-D288-4062-813E-E857064CC4DE}.Release|Any CPU.ActiveCfg = Release|Any CPU
		{D8DB7AB7-D288-4062-813E-E857064CC4DE}.Release|Any CPU.Build.0 = Release|Any CPU
		{D8DB7AB7-D288-4062-813E-E857064CC4DE}.Release|Mixed Platforms.ActiveCfg = Release|Mixed Platforms
		{D8DB7AB7-D288-4062-813E-E857064CC4DE}.Release|Mixed Platforms.Build.0 = Release|Mixed Platforms
		{D8DB7AB7-D288-4062-813E-E857064CC4DE}.Release|Win32.ActiveCfg = Release|Win32
		{D8DB7AB7-D288-4062-813E-E857064CC4DE}.Release|Win32.Build.0 = Release|Win32
	EndGlobalSection
	GlobalSection(NestedProjects) = preSolution
		{925FE421-1D6B-49A0-8756-0378EA331AE7} = {83787E57-3DBE-4B06-A1A8-73A34BA93A15}
		{F696469C-F30E-45EE-8BAC-171645698235} = {83787E57-3DBE-4B06-A1A8-73A34BA93A15}
		{12068613-2EB7-46F1-833E-2888AEA76A92} = {4F017636-2B2B-41D1-9F4A-2E60B62047CF}
		{5524A1AF-0CF7-40D0-874D-50EA01896744} = {4F017636-2B2B-41D1-9F4A-2E60B62047CF}
		{35BD321C-E3FE-4011-BF12-590672975EF8} = {0B725295-00A7-4ABB-881E-94F0237E3518}
		{0E660150-5F03-4A87-B95B-89AA4DD72FDA} = {0B725295-00A7-4ABB-881E-94F0237E3518}
		{2B9722F2-3971-4E0F-BA32-53213C8CF293} = {0B725295-00A7-4ABB-881E-94F0237E3518}
		{E8DE86F6-AD12-4CF6-AB1E-E76BB584CD69} = {2B9722F2-3971-4E0F-BA32-53213C8CF293}
		{4DEDCA62-7B96-44F7-A3F4-95473EDCDEBF} = {E8DE86F6-AD12-4CF6-AB1E-E76BB584CD69}
		{E49096FC-1002-4324-9F9E-14404AA8811F} = {E8DE86F6-AD12-4CF6-AB1E-E76BB584CD69}
	EndGlobalSection
	GlobalSection(MonoDevelopProperties) = preSolution
		StartupItem = Ez.Application\Ez.Application.csproj
		Policies = $0
		$0.DotNetNamingPolicy = $1
		$1.DirectoryNamespaceAssociation = None
		$1.ResourceNamePolicy = FileFormatDefault
		$0.StandardHeader = $2
		$2.Text = 
		$2.inheritsSet = MITX11License
		$0.TextStylePolicy = $3
		$3.FileWidth = 120
		$3.TabWidth = 4
		$3.inheritsSet = Mono
		$3.inheritsScope = text/plain
		$0.VersionControlPolicy = $4
		$4.inheritsSet = Mono
		$0.ChangeLogPolicy = $5
		$5.UpdateMode = None
		$5.MessageStyle = $6
		$6.LineAlign = 0
		$5.inheritsSet = Mono
	EndGlobalSection
	GlobalSection(SubversionScc) = preSolution
		Svn-Managed = True
		Manager = AnkhSVN - Subversion Support for Visual Studio
	EndGlobalSection
	GlobalSection(SolutionProperties) = preSolution
		HideSolutionNode = FALSE
	EndGlobalSection
EndGlobal
